
Microsoft Visual Studio Solution File, Format Version 12.00
# Visual Studio Version 16
VisualStudioVersion = 16.0.31515.178
MinimumVisualStudioVersion = 10.0.40219.1
Project("{FAE04EC0-301F-11D3-BF4B-00C04F79EFBC}") = "ProductReviewManagementLINQ", "ProductReviewManagementLINQ\ProductReviewManagementLINQ.csproj", "{52122B33-800B-4543-8230-5E5647DCE47A}"
EndProject
Project("{2150E333-8FDC-42A3-9474-1A3956D46DE8}") = "Solution Items", "Solution Items", "{7B556A53-3525-438E-BBEF-BF44FF233320}"
	ProjectSection(SolutionItems) = preProject
		.editorconfig = .editorconfig
	EndProjectSection
EndProject
Global
	GlobalSection(SolutionConfigurationPlatforms) = preSolution
		Debug|Any CPU = Debug|Any CPU
		Release|Any CPU = Release|Any CPU
	EndGlobalSection
	GlobalSection(ProjectConfigurationPlatforms) = postSolution
		{52122B33-800B-4543-8230-5E5647DCE47A}.Debug|Any CPU.ActiveCfg = Debug|Any CPU
		{52122B33-800B-4543-8230-5E5647DCE47A}.Debug|Any CPU.Build.0 = Debug|Any CPU
		{52122B33-800B-4543-8230-5E5647DCE47A}.Release|Any CPU.ActiveCfg = Release|Any CPU
		{52122B33-800B-4543-8230-5E5647DCE47A}.Release|Any CPU.Build.0 = Release|Any CPU
	EndGlobalSection
	GlobalSection(SolutionProperties) = preSolution
		HideSolutionNode = FALSE
	EndGlobalSection
	GlobalSection(ExtensibilityGlobals) = postSolution
		SolutionGuid = {C211FD95-C79B-4FE8-9ED9-C8E8F796E4C6}
	EndGlobalSection
EndGlobal
